
Microsoft Visual Studio Solution File, Format Version 12.00
# Visual Studio Version 17
VisualStudioVersion = 17.3.32819.101
MinimumVisualStudioVersion = 10.0.40219.1
Project("{8BC9CEB8-8B4A-11D0-8D11-00A0C91BC942}") = "Primal-Sta", "Primal-Sta.vcxproj", "{DE4FB876-C6BD-4141-A8F0-9BE4ECE0D294}"
EndProject
Project("{9A19103F-16F7-4668-BE54-9A1E7A4F7556}") = "PrimalEditor", "..\PrimalEditor\PrimalEditor.csproj", "{8A487A2B-6B54-48FD-AD02-50557D431C3C}"
EndProject
Global
	GlobalSection(SolutionConfigurationPlatforms) = preSolution
		Debug|Any CPU = Debug|Any CPU
		Debug|Win32 = Debug|Win32
		Debug|x64 = Debug|x64
		Debug|x86 = Debug|x86
		Release|Any CPU = Release|Any CPU
		Release|Win32 = Release|Win32
		Release|x64 = Release|x64
		Release|x86 = Release|x86
	EndGlobalSection
	GlobalSection(ProjectConfigurationPlatforms) = postSolution
		{DE4FB876-C6BD-4141-A8F0-9BE4ECE0D294}.Debug|Any CPU.ActiveCfg = Debug|x64
		{DE4FB876-C6BD-4141-A8F0-9BE4ECE0D294}.Debug|Any CPU.Build.0 = Debug|x64
		{DE4FB876-C6BD-4141-A8F0-9BE4ECE0D294}.Debug|Win32.ActiveCfg = Debug|Win32
		{DE4FB876-C6BD-4141-A8F0-9BE4ECE0D294}.Debug|Win32.Build.0 = Debug|Win32
		{DE4FB876-C6BD-4141-A8F0-9BE4ECE0D294}.Debug|x64.ActiveCfg = Debug|x64
		{DE4FB876-C6BD-4141-A8F0-9BE4ECE0D294}.Debug|x64.Build.0 = Debug|x64
		{DE4FB876-C6BD-4141-A8F0-9BE4ECE0D294}.Debug|x86.ActiveCfg = Debug|Win32
		{DE4FB876-C6BD-4141-A8F0-9BE4ECE0D294}.Debug|x86.Build.0 = Debug|Win32
		{DE4FB876-C6BD-4141-A8F0-9BE4ECE0D294}.Release|Any CPU.ActiveCfg = Release|x64
		{DE4FB876-C6BD-4141-A8F0-9BE4ECE0D294}.Release|Any CPU.Build.0 = Release|x64
		{DE4FB876-C6BD-4141-A8F0-9BE4ECE0D294}.Release|Win32.ActiveCfg = Release|Win32
		{DE4FB876-C6BD-4141-A8F0-9BE4ECE0D294}.Release|Win32.Build.0 = Release|Win32
		{DE4FB876-C6BD-4141-A8F0-9BE4ECE0D294}.Release|x64.ActiveCfg = Release|x64
		{DE4FB876-C6BD-4141-A8F0-9BE4ECE0D294}.Release|x64.Build.0 = Release|x64
		{DE4FB876-C6BD-4141-A8F0-9BE4ECE0D294}.Release|x86.ActiveCfg = Release|Win32
		{DE4FB876-C6BD-4141-A8F0-9BE4ECE0D294}.Release|x86.Build.0 = Release|Win32
		{8A487A2B-6B54-48FD-AD02-50557D431C3C}.Debug|Any CPU.ActiveCfg = Debug|Any CPU
		{8A487A2B-6B54-48FD-AD02-50557D431C3C}.Debug|Any CPU.Build.0 = Debug|Any CPU
		{8A487A2B-6B54-48FD-AD02-50557D431C3C}.Debug|Win32.ActiveCfg = Debug|Any CPU
		{8A487A2B-6B54-48FD-AD02-50557D431C3C}.Debug|Win32.Build.0 = Debug|Any CPU
		{8A487A2B-6B54-48FD-AD02-50557D431C3C}.Debug|x64.ActiveCfg = Debug|Any CPU
		{8A487A2B-6B54-48FD-AD02-50557D431C3C}.Debug|x64.Build.0 = Debug|Any CPU
		{8A487A2B-6B54-48FD-AD02-50557D431C3C}.Debug|x86.ActiveCfg = Debug|Any CPU
		{8A487A2B-6B54-48FD-AD02-50557D431C3C}.Debug|x86.Build.0 = Debug|Any CPU
		{8A487A2B-6B54-48FD-AD02-50557D431C3C}.Release|Any CPU.ActiveCfg = Release|Any CPU
		{8A487A2B-6B54-48FD-AD02-50557D431C3C}.Release|Any CPU.Build.0 = Release|Any CPU
		{8A487A2B-6B54-48FD-AD02-50557D431C3C}.Release|Win32.ActiveCfg = Release|Any CPU
		{8A487A2B-6B54-48FD-AD02-50557D431C3C}.Release|Win32.Build.0 = Release|Any CPU
		{8A487A2B-6B54-48FD-AD02-50557D431C3C}.Release|x64.ActiveCfg = Release|Any CPU
		{8A487A2B-6B54-48FD-AD02-50557D431C3C}.Release|x64.Build.0 = Release|Any CPU
		{8A487A2B-6B54-48FD-AD02-50557D431C3C}.Release|x86.ActiveCfg = Release|Any CPU
		{8A487A2B-6B54-48FD-AD02-50557D431C3C}.Release|x86.Build.0 = Release|Any CPU
	EndGlobalSection
	GlobalSection(SolutionProperties) = preSolution
		HideSolutionNode = FALSE
	EndGlobalSection
	GlobalSection(ExtensibilityGlobals) = postSolution
		SolutionGuid = {37F48A19-5E6D-46DA-93D2-E9B608172303}
	EndGlobalSection
EndGlobal
